// !$*UTF8*$!
{
	archiveVersion = 1;
	classes = {
	};
	objectVersion = 46;
	objects = {

/* Begin PBXBuildFile section */
		1C69F5851DB09F9D009D4FB1 /* main.m in Sources */ = {isa = PBXBuildFile; fileRef = 1C69F5841DB09F9D009D4FB1 /* main.m */; };
		1C69F5881DB09F9D009D4FB1 /* AppDelegate.m in Sources */ = {isa = PBXBuildFile; fileRef = 1C69F5871DB09F9D009D4FB1 /* AppDelegate.m */; };
		1C69F58B1DB09F9D009D4FB1 /* ViewController.m in Sources */ = {isa = PBXBuildFile; fileRef = 1C69F58A1DB09F9D009D4FB1 /* ViewController.m */; };
		1C69F58E1DB09F9D009D4FB1 /* Main.storyboard in Resources */ = {isa = PBXBuildFile; fileRef = 1C69F58C1DB09F9D009D4FB1 /* Main.storyboard */; };
		1C69F5901DB09F9D009D4FB1 /* Assets.xcassets in Resources */ = {isa = PBXBuildFile; fileRef = 1C69F58F1DB09F9D009D4FB1 /* Assets.xcassets */; };
		1C69F5931DB09F9D009D4FB1 /* LaunchScreen.storyboard in Resources */ = {isa = PBXBuildFile; fileRef = 1C69F5911DB09F9D009D4FB1 /* LaunchScreen.storyboard */; };
		1C69F59E1DB09F9D009D4FB1 /* HimalayanRadioTests.m in Sources */ = {isa = PBXBuildFile; fileRef = 1C69F59D1DB09F9D009D4FB1 /* HimalayanRadioTests.m */; };
		1C69F5A91DB09F9D009D4FB1 /* HimalayanRadioUITests.m in Sources */ = {isa = PBXBuildFile; fileRef = 1C69F5A81DB09F9D009D4FB1 /* HimalayanRadioUITests.m */; };
/* End PBXBuildFile section */

/* Begin PBXContainerItemProxy section */
		1C69F59A1DB09F9D009D4FB1 /* PBXContainerItemProxy */ = {
			isa = PBXContainerItemProxy;
			containerPortal = 1C69F5781DB09F9D009D4FB1 /* Project object */;
			proxyType = 1;
			remoteGlobalIDString = 1C69F57F1DB09F9D009D4FB1;
			remoteInfo = HimalayanRadio;
		};
		1C69F5A51DB09F9D009D4FB1 /* PBXContainerItemProxy */ = {
			isa = PBXContainerItemProxy;
			containerPortal = 1C69F5781DB09F9D009D4FB1 /* Project object */;
			proxyType = 1;
			remoteGlobalIDString = 1C69F57F1DB09F9D009D4FB1;
			remoteInfo = HimalayanRadio;
		};
/* End PBXContainerItemProxy section */

/* Begin PBXFileReference section */
		1C69F5801DB09F9D009D4FB1 /* HimalayanRadio.app */ = {isa = PBXFileReference; explicitFileType = wrapper.application; includeInIndex = 0; path = HimalayanRadio.app; sourceTree = BUILT_PRODUCTS_DIR; };
		1C69F5841DB09F9D009D4FB1 /* main.m */ = {isa = PBXFileReference; lastKnownFileType = sourcecode.c.objc; path = main.m; sourceTree = "<group>"; };
		1C69F5861DB09F9D009D4FB1 /* AppDelegate.h */ = {isa = PBXFileReference; lastKnownFileType = sourcecode.c.h; path = AppDelegate.h; sourceTree = "<group>"; };
		1C69F5871DB09F9D009D4FB1 /* AppDelegate.m */ = {isa = PBXFileReference; lastKnownFileType = sourcecode.c.objc; path = AppDelegate.m; sourceTree = "<group>"; };
		1C69F5891DB09F9D009D4FB1 /* ViewController.h */ = {isa = PBXFileReference; lastKnownFileType = sourcecode.c.h; path = ViewController.h; sourceTree = "<group>"; };
		1C69F58A1DB09F9D009D4FB1 /* ViewController.m */ = {isa = PBXFileReference; lastKnownFileType = sourcecode.c.objc; path = ViewController.m; sourceTree = "<group>"; };
		1C69F58D1DB09F9D009D4FB1 /* Base */ = {isa = PBXFileReference; lastKnownFileType = file.storyboard; name = Base; path = Base.lproj/Main.storyboard; sourceTree = "<group>"; };
		1C69F58F1DB09F9D009D4FB1 /* Assets.xcassets */ = {isa = PBXFileReference; lastKnownFileType = folder.assetcatalog; path = Assets.xcassets; sourceTree = "<group>"; };
		1C69F5921DB09F9D009D4FB1 /* Base */ = {isa = PBXFileReference; lastKnownFileType = file.storyboard; name = Base; path = Base.lproj/LaunchScreen.storyboard; sourceTree = "<group>"; };
		1C69F5941DB09F9D009D4FB1 /* Info.plist */ = {isa = PBXFileReference; lastKnownFileType = text.plist.xml; path = Info.plist; sourceTree = "<group>"; };
		1C69F5991DB09F9D009D4FB1 /* HimalayanRadioTests.xctest */ = {isa = PBXFileReference; explicitFileType = wrapper.cfbundle; includeInIndex = 0; path = HimalayanRadioTests.xctest; sourceTree = BUILT_PRODUCTS_DIR; };
		1C69F59D1DB09F9D009D4FB1 /* HimalayanRadioTests.m */ = {isa = PBXFileReference; lastKnownFileType = sourcecode.c.objc; path = HimalayanRadioTests.m; sourceTree = "<group>"; };
		1C69F59F1DB09F9D009D4FB1 /* Info.plist */ = {isa = PBXFileReference; lastKnownFileType = text.plist.xml; path = Info.plist; sourceTree = "<group>"; };
		1C69F5A41DB09F9D009D4FB1 /* HimalayanRadioUITests.xctest */ = {isa = PBXFileReference; explicitFileType = wrapper.cfbundle; includeInIndex = 0; path = HimalayanRadioUITests.xctest; sourceTree = BUILT_PRODUCTS_DIR; };
		1C69F5A81DB09F9D009D4FB1 /* HimalayanRadioUITests.m */ = {isa = PBXFileReference; lastKnownFileType = sourcecode.c.objc; path = HimalayanRadioUITests.m; sourceTree = "<group>"; };
		1C69F5AA1DB09F9D009D4FB1 /* Info.plist */ = {isa = PBXFileReference; lastKnownFileType = text.plist.xml; path = Info.plist; sourceTree = "<group>"; };
/* End PBXFileReference section */

/* Begin PBXFrameworksBuildPhase section */
		1C69F57D1DB09F9D009D4FB1 /* Frameworks */ = {
			isa = PBXFrameworksBuildPhase;
			buildActionMask = 2147483647;
			files = (
			);
			runOnlyForDeploymentPostprocessing = 0;
		};
		1C69F5961DB09F9D009D4FB1 /* Frameworks */ = {
			isa = PBXFrameworksBuildPhase;
			buildActionMask = 2147483647;
			files = (
			);
			runOnlyForDeploymentPostprocessing = 0;
		};
		1C69F5A11DB09F9D009D4FB1 /* Frameworks */ = {
			isa = PBXFrameworksBuildPhase;
			buildActionMask = 2147483647;
			files = (
			);
			runOnlyForDeploymentPostprocessing = 0;
		};
/* End PBXFrameworksBuildPhase section */

/* Begin PBXGroup section */
		1C69F5771DB09F9D009D4FB1 = {
			isa = PBXGroup;
			children = (
				1C69F5821DB09F9D009D4FB1 /* HimalayanRadio */,
				1C69F59C1DB09F9D009D4FB1 /* HimalayanRadioTests */,
				1C69F5A71DB09F9D009D4FB1 /* HimalayanRadioUITests */,
				1C69F5811DB09F9D009D4FB1 /* Products */,
			);
			sourceTree = "<group>";
		};
		1C69F5811DB09F9D009D4FB1 /* Products */ = {
			isa = PBXGroup;
			children = (
				1C69F5801DB09F9D009D4FB1 /* HimalayanRadio.app */,
				1C69F5991DB09F9D009D4FB1 /* HimalayanRadioTests.xctest */,
				1C69F5A41DB09F9D009D4FB1 /* HimalayanRadioUITests.xctest */,
			);
			name = Products;
			sourceTree = "<group>";
		};
		1C69F5821DB09F9D009D4FB1 /* HimalayanRadio */ = {
			isa = PBXGroup;
			children = (
				1C69F5861DB09F9D009D4FB1 /* AppDelegate.h */,
				1C69F5871DB09F9D009D4FB1 /* AppDelegate.m */,
				1C69F5891DB09F9D009D4FB1 /* ViewController.h */,
				1C69F58A1DB09F9D009D4FB1 /* ViewController.m */,
				1C69F58C1DB09F9D009D4FB1 /* Main.storyboard */,
				1C69F58F1DB09F9D009D4FB1 /* Assets.xcassets */,
				1C69F5911DB09F9D009D4FB1 /* LaunchScreen.storyboard */,
				1C69F5941DB09F9D009D4FB1 /* Info.plist */,
				1C69F5831DB09F9D009D4FB1 /* Supporting Files */,
			);
			path = HimalayanRadio;
			sourceTree = "<group>";
		};
		1C69F5831DB09F9D009D4FB1 /* Supporting Files */ = {
			isa = PBXGroup;
			children = (
				1C69F5841DB09F9D009D4FB1 /* main.m */,
			);
			name = "Supporting Files";
			sourceTree = "<group>";
		};
		1C69F59C1DB09F9D009D4FB1 /* HimalayanRadioTests */ = {
			isa = PBXGroup;
			children = (
				1C69F59D1DB09F9D009D4FB1 /* HimalayanRadioTests.m */,
				1C69F59F1DB09F9D009D4FB1 /* Info.plist */,
			);
			path = HimalayanRadioTests;
			sourceTree = "<group>";
		};
		1C69F5A71DB09F9D009D4FB1 /* HimalayanRadioUITests */ = {
			isa = PBXGroup;
			children = (
				1C69F5A81DB09F9D009D4FB1 /* HimalayanRadioUITests.m */,
				1C69F5AA1DB09F9D009D4FB1 /* Info.plist */,
			);
			path = HimalayanRadioUITests;
			sourceTree = "<group>";
		};
/* End PBXGroup section */

/* Begin PBXNativeTarget section */
		1C69F57F1DB09F9D009D4FB1 /* HimalayanRadio */ = {
			isa = PBXNativeTarget;
			buildConfigurationList = 1C69F5AD1DB09F9D009D4FB1 /* Build configuration list for PBXNativeTarget "HimalayanRadio" */;
			buildPhases = (
				1C69F57C1DB09F9D009D4FB1 /* Sources */,
				1C69F57D1DB09F9D009D4FB1 /* Frameworks */,
				1C69F57E1DB09F9D009D4FB1 /* Resources */,
			);
			buildRules = (
			);
			dependencies = (
			);
			name = HimalayanRadio;
			productName = HimalayanRadio;
			productReference = 1C69F5801DB09F9D009D4FB1 /* HimalayanRadio.app */;
			productType = "com.apple.product-type.application";
		};
		1C69F5981DB09F9D009D4FB1 /* HimalayanRadioTests */ = {
			isa = PBXNativeTarget;
			buildConfigurationList = 1C69F5B01DB09F9D009D4FB1 /* Build configuration list for PBXNativeTarget "HimalayanRadioTests" */;
			buildPhases = (
				1C69F5951DB09F9D009D4FB1 /* Sources */,
				1C69F5961DB09F9D009D4FB1 /* Frameworks */,
				1C69F5971DB09F9D009D4FB1 /* Resources */,
			);
			buildRules = (
			);
			dependencies = (
				1C69F59B1DB09F9D009D4FB1 /* PBXTargetDependency */,
			);
			name = HimalayanRadioTests;
			productName = HimalayanRadioTests;
			productReference = 1C69F5991DB09F9D009D4FB1 /* HimalayanRadioTests.xctest */;
			productType = "com.apple.product-type.bundle.unit-test";
		};
		1C69F5A31DB09F9D009D4FB1 /* HimalayanRadioUITests */ = {
			isa = PBXNativeTarget;
			buildConfigurationList = 1C69F5B31DB09F9D009D4FB1 /* Build configuration list for PBXNativeTarget "HimalayanRadioUITests" */;
			buildPhases = (
				1C69F5A01DB09F9D009D4FB1 /* Sources */,
				1C69F5A11DB09F9D009D4FB1 /* Frameworks */,
				1C69F5A21DB09F9D009D4FB1 /* Resources */,
			);
			buildRules = (
			);
			dependencies = (
				1C69F5A61DB09F9D009D4FB1 /* PBXTargetDependency */,
			);
			name = HimalayanRadioUITests;
			productName = HimalayanRadioUITests;
			productReference = 1C69F5A41DB09F9D009D4FB1 /* HimalayanRadioUITests.xctest */;
			productType = "com.apple.product-type.bundle.ui-testing";
		};
/* End PBXNativeTarget section */

/* Begin PBXProject section */
		1C69F5781DB09F9D009D4FB1 /* Project object */ = {
			isa = PBXProject;
			attributes = {
				LastUpgradeCheck = 0800;
				ORGANIZATIONNAME = "手持POS机";
				TargetAttributes = {
					1C69F57F1DB09F9D009D4FB1 = {
						CreatedOnToolsVersion = 7.3.1;
						DevelopmentTeam = 6VQT7QJ3A6;
					};
					1C69F5981DB09F9D009D4FB1 = {
						CreatedOnToolsVersion = 7.3.1;
						DevelopmentTeam = 6VQT7QJ3A6;
						TestTargetID = 1C69F57F1DB09F9D009D4FB1;
					};
					1C69F5A31DB09F9D009D4FB1 = {
						CreatedOnToolsVersion = 7.3.1;
						DevelopmentTeam = 6VQT7QJ3A6;
						TestTargetID = 1C69F57F1DB09F9D009D4FB1;
					};
				};
			};
			buildConfigurationList = 1C69F57B1DB09F9D009D4FB1 /* Build configuration list for PBXProject "HimalayanRadio" */;
			compatibilityVersion = "Xcode 3.2";
			developmentRegion = English;
			hasScannedForEncodings = 0;
			knownRegions = (
				en,
				Base,
			);
			mainGroup = 1C69F5771DB09F9D009D4FB1;
			productRefGroup = 1C69F5811DB09F9D009D4FB1 /* Products */;
			projectDirPath = "";
			projectRoot = "";
			targets = (
				1C69F57F1DB09F9D009D4FB1 /* HimalayanRadio */,
				1C69F5981DB09F9D009D4FB1 /* HimalayanRadioTests */,
				1C69F5A31DB09F9D009D4FB1 /* HimalayanRadioUITests */,
			);
		};
/* End PBXProject section */

/* Begin PBXResourcesBuildPhase section */
		1C69F57E1DB09F9D009D4FB1 /* Resources */ = {
			isa = PBXResourcesBuildPhase;
			buildActionMask = 2147483647;
			files = (
				1C69F5931DB09F9D009D4FB1 /* LaunchScreen.storyboard in Resources */,
				1C69F5901DB09F9D009D4FB1 /* Assets.xcassets in Resources */,
				1C69F58E1DB09F9D009D4FB1 /* Main.storyboard in Resources */,
			);
			runOnlyForDeploymentPostprocessing = 0;
		};
		1C69F5971DB09F9D009D4FB1 /* Resources */ = {
			isa = PBXResourcesBuildPhase;
			buildActionMask = 2147483647;
			files = (
			);
			runOnlyForDeploymentPostprocessing = 0;
		};
		1C69F5A21DB09F9D009D4FB1 /* Resources */ = {
			isa = PBXResourcesBuildPhase;
			buildActionMask = 2147483647;
			files = (
			);
			runOnlyForDeploymentPostprocessing = 0;
		};
/* End PBXResourcesBuildPhase section */

/* Begin PBXSourcesBuildPhase section */
		1C69F57C1DB09F9D009D4FB1 /* Sources */ = {
			isa = PBXSourcesBuildPhase;
			buildActionMask = 2147483647;
			files = (
				1C69F58B1DB09F9D009D4FB1 /* ViewController.m in Sources */,
				1C69F5881DB09F9D009D4FB1 /* AppDelegate.m in Sources */,
				1C69F5851DB09F9D009D4FB1 /* main.m in Sources */,
			);
			runOnlyForDeploymentPostprocessing = 0;
		};
		1C69F5951DB09F9D009D4FB1 /* Sources */ = {
			isa = PBXSourcesBuildPhase;
			buildActionMask = 2147483647;
			files = (
				1C69F59E1DB09F9D009D4FB1 /* HimalayanRadioTests.m in Sources */,
			);
			runOnlyForDeploymentPostprocessing = 0;
		};
		1C69F5A01DB09F9D009D4FB1 /* Sources */ = {
			isa = PBXSourcesBuildPhase;
			buildActionMask = 2147483647;
			files = (
				1C69F5A91DB09F9D009D4FB1 /* HimalayanRadioUITests.m in Sources */,
			);
			runOnlyForDeploymentPostprocessing = 0;
		};
/* End PBXSourcesBuildPhase section */

/* Begin PBXTargetDependency section */
		1C69F59B1DB09F9D009D4FB1 /* PBXTargetDependency */ = {
			isa = PBXTargetDependency;
			target = 1C69F57F1DB09F9D009D4FB1 /* HimalayanRadio */;
			targetProxy = 1C69F59A1DB09F9D009D4FB1 /* PBXContainerItemProxy */;
		};
		1C69F5A61DB09F9D009D4FB1 /* PBXTargetDependency */ = {
			isa = PBXTargetDependency;
			target = 1C69F57F1DB09F9D009D4FB1 /* HimalayanRadio */;
			targetProxy = 1C69F5A51DB09F9D009D4FB1 /* PBXContainerItemProxy */;
		};
/* End PBXTargetDependency section */

/* Begin PBXVariantGroup section */
		1C69F58C1DB09F9D009D4FB1 /* Main.storyboard */ = {
			isa = PBXVariantGroup;
			children = (
				1C69F58D1DB09F9D009D4FB1 /* Base */,
			);
			name = Main.storyboard;
			sourceTree = "<group>";
		};
		1C69F5911DB09F9D009D4FB1 /* LaunchScreen.storyboard */ = {
			isa = PBXVariantGroup;
			children = (
				1C69F5921DB09F9D009D4FB1 /* Base */,
			);
			name = LaunchScreen.storyboard;
			sourceTree = "<group>";
		};
/* End PBXVariantGroup section */

/* Begin XCBuildConfiguration section */
		1C69F5AB1DB09F9D009D4FB1 /* Debug */ = {
			isa = XCBuildConfiguration;
			buildSettings = {
				ALWAYS_SEARCH_USER_PATHS = NO;
				CLANG_ANALYZER_NONNULL = YES;
				CLANG_CXX_LANGUAGE_STANDARD = "gnu++0x";
				CLANG_CXX_LIBRARY = "libc++";
				CLANG_ENABLE_MODULES = YES;
				CLANG_ENABLE_OBJC_ARC = YES;
				CLANG_WARN_BOOL_CONVERSION = YES;
				CLANG_WARN_CONSTANT_CONVERSION = YES;
				CLANG_WARN_DIRECT_OBJC_ISA_USAGE = YES_ERROR;
				CLANG_WARN_EMPTY_BODY = YES;
				CLANG_WARN_ENUM_CONVERSION = YES;
				CLANG_WARN_INFINITE_RECURSION = YES;
				CLANG_WARN_INT_CONVERSION = YES;
				CLANG_WARN_OBJC_ROOT_CLASS = YES_ERROR;
				CLANG_WARN_SUSPICIOUS_MOVE = YES;
				CLANG_WARN_UNREACHABLE_CODE = YES;
				CLANG_WARN__DUPLICATE_METHOD_MATCH = YES;
				"CODE_SIGN_IDENTITY[sdk=iphoneos*]" = "iPhone Developer";
				COPY_PHASE_STRIP = NO;
				DEBUG_INFORMATION_FORMAT = dwarf;
				ENABLE_STRICT_OBJC_MSGSEND = YES;
				ENABLE_TESTABILITY = YES;
				GCC_C_LANGUAGE_STANDARD = gnu99;
				GCC_DYNAMIC_NO_PIC = NO;
				GCC_NO_COMMON_BLOCKS = YES;
				GCC_OPTIMIZATION_LEVEL = 0;
				GCC_PREPROCESSOR_DEFINITIONS = (
					"DEBUG=1",
					"$(inherited)",
				);
				GCC_WARN_64_TO_32_BIT_CONVERSION = YES;
				GCC_WARN_ABOUT_RETURN_TYPE = YES_ERROR;
				GCC_WARN_UNDECLARED_SELECTOR = YES;
				GCC_WARN_UNINITIALIZED_AUTOS = YES_AGGRESSIVE;
				GCC_WARN_UNUSED_FUNCTION = YES;
				GCC_WARN_UNUSED_VARIABLE = YES;
				IPHONEOS_DEPLOYMENT_TARGET = 9.3;
				MTL_ENABLE_DEBUG_INFO = YES;
				ONLY_ACTIVE_ARCH = YES;
				SDKROOT = iphoneos;
				TARGETED_DEVICE_FAMILY = 2;
			};
			name = Debug;
		};
		1C69F5AC1DB09F9D009D4FB1 /* Release */ = {
			isa = XCBuildConfiguration;
			buildSettings = {
				ALWAYS_SEARCH_USER_PATHS = NO;
				CLANG_ANALYZER_NONNULL = YES;
				CLANG_CXX_LANGUAGE_STANDARD = "gnu++0x";
				CLANG_CXX_LIBRARY = "libc++";
				CLANG_ENABLE_MODULES = YES;
				CLANG_ENABLE_OBJC_ARC = YES;
				CLANG_WARN_BOOL_CONVERSION = YES;
				CLANG_WARN_CONSTANT_CONVERSION = YES;
				CLANG_WARN_DIRECT_OBJC_ISA_USAGE = YES_ERROR;
				CLANG_WARN_EMPTY_BODY = YES;
				CLANG_WARN_ENUM_CONVERSION = YES;
				CLANG_WARN_INFINITE_RECURSION = YES;
				CLANG_WARN_INT_CONVERSION = YES;
				CLANG_WARN_OBJC_ROOT_CLASS = YES_ERROR;
				CLANG_WARN_SUSPICIOUS_MOVE = YES;
				CLANG_WARN_UNREACHABLE_CODE = YES;
				CLANG_WARN__DUPLICATE_METHOD_MATCH = YES;
				"CODE_SIGN_IDENTITY[sdk=iphoneos*]" = "iPhone Developer";
				COPY_PHASE_STRIP = NO;
				DEBUG_INFORMATION_FORMAT = "dwarf-with-dsym";
				ENABLE_NS_ASSERTIONS = NO;
				ENABLE_STRICT_OBJC_MSGSEND = YES;
				GCC_C_LANGUAGE_STANDARD = gnu99;
				GCC_NO_COMMON_BLOCKS = YES;
				GCC_WARN_64_TO_32_BIT_CONVERSION = YES;
				GCC_WARN_ABOUT_RETURN_TYPE = YES_ERROR;
				GCC_WARN_UNDECLARED_SELECTOR = YES;
				GCC_WARN_UNINITIALIZED_AUTOS = YES_AGGRESSIVE;
				GCC_WARN_UNUSED_FUNCTION = YES;
				GCC_WARN_UNUSED_VARIABLE = YES;
				IPHONEOS_DEPLOYMENT_TARGET = 9.3;
				MTL_ENABLE_DEBUG_INFO = NO;
				SDKROOT = iphoneos;
				TARGETED_DEVICE_FAMILY = 2;
				VALIDATE_PRODUCT = YES;
			};
			name = Release;
		};
		1C69F5AE1DB09F9D009D4FB1 /* Debug */ = {
			isa = XCBuildConfiguration;
			buildSettings = {
				ASSETCATALOG_COMPILER_APPICON_NAME = AppIcon;
				INFOPLIST_FILE = HimalayanRadio/Info.plist;
				IPHONEOS_DEPLOYMENT_TARGET = 8.0;
				LD_RUNPATH_SEARCH_PATHS = "$(inherited) @executable_path/Frameworks";
				PRODUCT_BUNDLE_IDENTIFIER = "lihonggui1988.com.----";
				PRODUCT_NAME = "$(TARGET_NAME)";
			};
			name = Debug;
		};
		1C69F5AF1DB09F9D009D4FB1 /* Release */ = {
			isa = XCBuildConfiguration;
			buildSettings = {
				ASSETCATALOG_COMPILER_APPICON_NAME = AppIcon;
				INFOPLIST_FILE = HimalayanRadio/Info.plist;
				IPHONEOS_DEPLOYMENT_TARGET = 8.0;
				LD_RUNPATH_SEARCH_PATHS = "$(inherited) @executable_path/Frameworks";
				PRODUCT_BUNDLE_IDENTIFIER = "lihonggui1988.com.----";
				PRODUCT_NAME = "$(TARGET_NAME)";
			};
			name = Release;
		};
		1C69F5B11DB09F9D009D4FB1 /* Debug */ = {
			isa = XCBuildConfiguration;
			buildSettings = {
				BUNDLE_LOADER = "$(TEST_HOST)";
				INFOPLIST_FILE = HimalayanRadioTests/Info.plist;
				LD_RUNPATH_SEARCH_PATHS = "$(inherited) @executable_path/Frameworks @loader_path/Frameworks";
				PRODUCT_BUNDLE_IDENTIFIER = lihonggui1988.com.HimalayanRadioTests;
				PRODUCT_NAME = "$(TARGET_NAME)";
				TEST_HOST = "$(BUILT_PRODUCTS_DIR)/HimalayanRadio.app/HimalayanRadio";
			};
			name = Debug;
		};
		1C69F5B21DB09F9D009D4FB1 /* Release */ = {
			isa = XCBuildConfiguration;
			buildSettings = {
				BUNDLE_LOADER = "$(TEST_HOST)";
				INFOPLIST_FILE = HimalayanRadioTests/Info.plist;
				LD_RUNPATH_SEARCH_PATHS = "$(inherited) @executable_path/Frameworks @loader_path/Frameworks";
				PRODUCT_BUNDLE_IDENTIFIER = lihonggui1988.com.HimalayanRadioTests;
				PRODUCT_NAME = "$(TARGET_NAME)";
				TEST_HOST = "$(BUILT_PRODUCTS_DIR)/HimalayanRadio.app/HimalayanRadio";
			};
			name = Release;
		};
		1C69F5B41DB09F9D009D4FB1 /* Debug */ = {
			isa = XCBuildConfiguration;
			buildSettings = {
				INFOPLIST_FILE = HimalayanRadioUITests/Info.plist;
				LD_RUNPATH_SEARCH_PATHS = "$(inherited) @executable_path/Frameworks @loader_path/Frameworks";
				PRODUCT_BUNDLE_IDENTIFIER = lihonggui1988.com.HimalayanRadioUITests;
				PRODUCT_NAME = "$(TARGET_NAME)";
				TEST_TARGET_NAME = HimalayanRadio;
			};
			name = Debug;
		};
		1C69F5B51DB09F9D009D4FB1 /* Release */ = {
			isa = XCBuildConfiguration;
			buildSettings = {
				INFOPLIST_FILE = HimalayanRadioUITests/Info.plist;
				LD_RUNPATH_SEARCH_PATHS = "$(inherited) @executable_path/Frameworks @loader_path/Frameworks";
				PRODUCT_BUNDLE_IDENTIFIER = lihonggui1988.com.HimalayanRadioUITests;
				PRODUCT_NAME = "$(TARGET_NAME)";
				TEST_TARGET_NAME = HimalayanRadio;
			};
			name = Release;
		};
/* End XCBuildConfiguration section */

/* Begin XCConfigurationList section */
		1C69F57B1DB09F9D009D4FB1 /* Build configuration list for PBXProject "HimalayanRadio" */ = {
			isa = XCConfigurationList;
			buildConfigurations = (
				1C69F5AB1DB09F9D009D4FB1 /* Debug */,
				1C69F5AC1DB09F9D009D4FB1 /* Release */,
			);
			defaultConfigurationIsVisible = 0;
			defaultConfigurationName = Release;
		};
		1C69F5AD1DB09F9D009D4FB1 /* Build configuration list for PBXNativeTarget "HimalayanRadio" */ = {
			isa = XCConfigurationList;
			buildConfigurations = (
				1C69F5AE1DB09F9D009D4FB1 /* Debug */,
				1C69F5AF1DB09F9D009D4FB1 /* Release */,
			);
			defaultConfigurationIsVisible = 0;
			defaultConfigurationName = Release;
		};
		1C69F5B01DB09F9D009D4FB1 /* Build configuration list for PBXNativeTarget "HimalayanRadioTests" */ = {
			isa = XCConfigurationList;
			buildConfigurations = (
				1C69F5B11DB09F9D009D4FB1 /* Debug */,
				1C69F5B21DB09F9D009D4FB1 /* Release */,
			);
			defaultConfigurationIsVisible = 0;
			defaultConfigurationName = Release;
		};
		1C69F5B31DB09F9D009D4FB1 /* Build configuration list for PBXNativeTarget "HimalayanRadioUITests" */ = {
			isa = XCConfigurationList;
			buildConfigurations = (
				1C69F5B41DB09F9D009D4FB1 /* Debug */,
				1C69F5B51DB09F9D009D4FB1 /* Release */,
			);
			defaultConfigurationIsVisible = 0;
			defaultConfigurationName = Release;
		};
/* End XCConfigurationList section */
	};
	rootObject = 1C69F5781DB09F9D009D4FB1 /* Project object */;
}
